// !$*UTF8*$!
{
	archiveVersion = 1;
	classes = {
	};
	objectVersion = 56;
	objects = {

/* Begin PBXBuildFile section */
		A2FC5E3F2A936DE00098DF0F /* android_finderApp.swift in Sources */ = {isa = PBXBuildFile; fileRef = A2FC5E3E2A936DE00098DF0F /* android_finderApp.swift */; };
		A2FC5E412A936DE00098DF0F /* ContentView.swift in Sources */ = {isa = PBXBuildFile; fileRef = A2FC5E402A936DE00098DF0F /* ContentView.swift */; };
		A2FC5E432A936DE10098DF0F /* Assets.xcassets in Resources */ = {isa = PBXBuildFile; fileRef = A2FC5E422A936DE10098DF0F /* Assets.xcassets */; };
		A2FC5E462A936DE10098DF0F /* Preview Assets.xcassets in Resources */ = {isa = PBXBuildFile; fileRef = A2FC5E452A936DE10098DF0F /* Preview Assets.xcassets */; };
		A2FC5E482A936DE10098DF0F /* Persistence.swift in Sources */ = {isa = PBXBuildFile; fileRef = A2FC5E472A936DE10098DF0F /* Persistence.swift */; };
		A2FC5E4B2A936DE10098DF0F /* android_finder.xcdatamodeld in Sources */ = {isa = PBXBuildFile; fileRef = A2FC5E492A936DE10098DF0F /* android_finder.xcdatamodeld */; };
		A2FC5E562A936DE10098DF0F /* android_finderTests.swift in Sources */ = {isa = PBXBuildFile; fileRef = A2FC5E552A936DE10098DF0F /* android_finderTests.swift */; };
		A2FC5E602A936DE10098DF0F /* android_finderUITests.swift in Sources */ = {isa = PBXBuildFile; fileRef = A2FC5E5F2A936DE10098DF0F /* android_finderUITests.swift */; };
		A2FC5E622A936DE10098DF0F /* android_finderUITestsLaunchTests.swift in Sources */ = {isa = PBXBuildFile; fileRef = A2FC5E612A936DE10098DF0F /* android_finderUITestsLaunchTests.swift */; };
		A2FC5E752A93765B0098DF0F /* SplashView.swift in Sources */ = {isa = PBXBuildFile; fileRef = A2FC5E742A93765B0098DF0F /* SplashView.swift */; };
		A2FC5E762A93765B0098DF0F /* SplashView.swift in Sources */ = {isa = PBXBuildFile; fileRef = A2FC5E742A93765B0098DF0F /* SplashView.swift */; };
		A2FC5E772A93765B0098DF0F /* SplashView.swift in Sources */ = {isa = PBXBuildFile; fileRef = A2FC5E742A93765B0098DF0F /* SplashView.swift */; };
		A2FC5E792A9377770098DF0F /* AppView.swift in Sources */ = {isa = PBXBuildFile; fileRef = A2FC5E782A9377770098DF0F /* AppView.swift */; };
		A2FC5E7A2A9377770098DF0F /* AppView.swift in Sources */ = {isa = PBXBuildFile; fileRef = A2FC5E782A9377770098DF0F /* AppView.swift */; };
		A2FC5E7B2A9377770098DF0F /* AppView.swift in Sources */ = {isa = PBXBuildFile; fileRef = A2FC5E782A9377770098DF0F /* AppView.swift */; };
		A2FC5E7E2A9377E70098DF0F /* HomeView.swift in Sources */ = {isa = PBXBuildFile; fileRef = A2FC5E7D2A9377E70098DF0F /* HomeView.swift */; };
		A2FC5E7F2A9377E70098DF0F /* HomeView.swift in Sources */ = {isa = PBXBuildFile; fileRef = A2FC5E7D2A9377E70098DF0F /* HomeView.swift */; };
		A2FC5E802A9377E70098DF0F /* HomeView.swift in Sources */ = {isa = PBXBuildFile; fileRef = A2FC5E7D2A9377E70098DF0F /* HomeView.swift */; };
/* End PBXBuildFile section */

/* Begin PBXContainerItemProxy section */
		A2FC5E522A936DE10098DF0F /* PBXContainerItemProxy */ = {
			isa = PBXContainerItemProxy;
			containerPortal = A2FC5E332A936DE00098DF0F /* Project object */;
			proxyType = 1;
			remoteGlobalIDString = A2FC5E3A2A936DE00098DF0F;
			remoteInfo = "android-finder";
		};
		A2FC5E5C2A936DE10098DF0F /* PBXContainerItemProxy */ = {
			isa = PBXContainerItemProxy;
			containerPortal = A2FC5E332A936DE00098DF0F /* Project object */;
			proxyType = 1;
			remoteGlobalIDString = A2FC5E3A2A936DE00098DF0F;
			remoteInfo = "android-finder";
		};
/* End PBXContainerItemProxy section */

/* Begin PBXFileReference section */
		A2FC5E3B2A936DE00098DF0F /* Android Finder.app */ = {isa = PBXFileReference; explicitFileType = wrapper.application; includeInIndex = 0; path = "Android Finder.app"; sourceTree = BUILT_PRODUCTS_DIR; };
		A2FC5E3E2A936DE00098DF0F /* android_finderApp.swift */ = {isa = PBXFileReference; lastKnownFileType = sourcecode.swift; path = android_finderApp.swift; sourceTree = "<group>"; };
		A2FC5E402A936DE00098DF0F /* ContentView.swift */ = {isa = PBXFileReference; lastKnownFileType = sourcecode.swift; path = ContentView.swift; sourceTree = "<group>"; };
		A2FC5E422A936DE10098DF0F /* Assets.xcassets */ = {isa = PBXFileReference; lastKnownFileType = folder.assetcatalog; path = Assets.xcassets; sourceTree = "<group>"; };
		A2FC5E452A936DE10098DF0F /* Preview Assets.xcassets */ = {isa = PBXFileReference; lastKnownFileType = folder.assetcatalog; path = "Preview Assets.xcassets"; sourceTree = "<group>"; };
		A2FC5E472A936DE10098DF0F /* Persistence.swift */ = {isa = PBXFileReference; lastKnownFileType = sourcecode.swift; path = Persistence.swift; sourceTree = "<group>"; };
		A2FC5E4A2A936DE10098DF0F /* android_finder.xcdatamodel */ = {isa = PBXFileReference; lastKnownFileType = wrapper.xcdatamodel; path = android_finder.xcdatamodel; sourceTree = "<group>"; };
		A2FC5E4C2A936DE10098DF0F /* android_finder.entitlements */ = {isa = PBXFileReference; lastKnownFileType = text.plist.entitlements; path = android_finder.entitlements; sourceTree = "<group>"; };
		A2FC5E512A936DE10098DF0F /* android-finderTests.xctest */ = {isa = PBXFileReference; explicitFileType = wrapper.cfbundle; includeInIndex = 0; path = "android-finderTests.xctest"; sourceTree = BUILT_PRODUCTS_DIR; };
		A2FC5E552A936DE10098DF0F /* android_finderTests.swift */ = {isa = PBXFileReference; lastKnownFileType = sourcecode.swift; path = android_finderTests.swift; sourceTree = "<group>"; };
		A2FC5E5B2A936DE10098DF0F /* android-finderUITests.xctest */ = {isa = PBXFileReference; explicitFileType = wrapper.cfbundle; includeInIndex = 0; path = "android-finderUITests.xctest"; sourceTree = BUILT_PRODUCTS_DIR; };
		A2FC5E5F2A936DE10098DF0F /* android_finderUITests.swift */ = {isa = PBXFileReference; lastKnownFileType = sourcecode.swift; path = android_finderUITests.swift; sourceTree = "<group>"; };
		A2FC5E612A936DE10098DF0F /* android_finderUITestsLaunchTests.swift */ = {isa = PBXFileReference; lastKnownFileType = sourcecode.swift; path = android_finderUITestsLaunchTests.swift; sourceTree = "<group>"; };
		A2FC5E742A93765B0098DF0F /* SplashView.swift */ = {isa = PBXFileReference; lastKnownFileType = sourcecode.swift; path = SplashView.swift; sourceTree = "<group>"; };
		A2FC5E782A9377770098DF0F /* AppView.swift */ = {isa = PBXFileReference; lastKnownFileType = sourcecode.swift; path = AppView.swift; sourceTree = "<group>"; };
		A2FC5E7D2A9377E70098DF0F /* HomeView.swift */ = {isa = PBXFileReference; lastKnownFileType = sourcecode.swift; path = HomeView.swift; sourceTree = "<group>"; };
/* End PBXFileReference section */

/* Begin PBXFrameworksBuildPhase section */
		A2FC5E382A936DE00098DF0F /* Frameworks */ = {
			isa = PBXFrameworksBuildPhase;
			buildActionMask = 2147483647;
			files = (
			);
			runOnlyForDeploymentPostprocessing = 0;
		};
		A2FC5E4E2A936DE10098DF0F /* Frameworks */ = {
			isa = PBXFrameworksBuildPhase;
			buildActionMask = 2147483647;
			files = (
			);
			runOnlyForDeploymentPostprocessing = 0;
		};
		A2FC5E582A936DE10098DF0F /* Frameworks */ = {
			isa = PBXFrameworksBuildPhase;
			buildActionMask = 2147483647;
			files = (
			);
			runOnlyForDeploymentPostprocessing = 0;
		};
/* End PBXFrameworksBuildPhase section */

/* Begin PBXGroup section */
		A2FC5E322A936DE00098DF0F = {
			isa = PBXGroup;
			children = (
				A2FC5E3D2A936DE00098DF0F /* android-finder */,
				A2FC5E542A936DE10098DF0F /* android-finderTests */,
				A2FC5E5E2A936DE10098DF0F /* android-finderUITests */,
				A2FC5E3C2A936DE00098DF0F /* Products */,
			);
			sourceTree = "<group>";
		};
		A2FC5E3C2A936DE00098DF0F /* Products */ = {
			isa = PBXGroup;
			children = (
				A2FC5E3B2A936DE00098DF0F /* Android Finder.app */,
				A2FC5E512A936DE10098DF0F /* android-finderTests.xctest */,
				A2FC5E5B2A936DE10098DF0F /* android-finderUITests.xctest */,
			);
			name = Products;
			sourceTree = "<group>";
		};
		A2FC5E3D2A936DE00098DF0F /* android-finder */ = {
			isa = PBXGroup;
			children = (
				A2FC5E6E2A9374700098DF0F /* Views */,
				A2FC5E3E2A936DE00098DF0F /* android_finderApp.swift */,
				A2FC5E402A936DE00098DF0F /* ContentView.swift */,
				A2FC5E422A936DE10098DF0F /* Assets.xcassets */,
				A2FC5E472A936DE10098DF0F /* Persistence.swift */,
				A2FC5E4C2A936DE10098DF0F /* android_finder.entitlements */,
				A2FC5E492A936DE10098DF0F /* android_finder.xcdatamodeld */,
				A2FC5E442A936DE10098DF0F /* Preview Content */,
			);
			path = "android-finder";
			sourceTree = "<group>";
		};
		A2FC5E442A936DE10098DF0F /* Preview Content */ = {
			isa = PBXGroup;
			children = (
				A2FC5E452A936DE10098DF0F /* Preview Assets.xcassets */,
			);
			path = "Preview Content";
			sourceTree = "<group>";
		};
		A2FC5E542A936DE10098DF0F /* android-finderTests */ = {
			isa = PBXGroup;
			children = (
				A2FC5E552A936DE10098DF0F /* android_finderTests.swift */,
			);
			path = "android-finderTests";
			sourceTree = "<group>";
		};
		A2FC5E5E2A936DE10098DF0F /* android-finderUITests */ = {
			isa = PBXGroup;
			children = (
				A2FC5E5F2A936DE10098DF0F /* android_finderUITests.swift */,
				A2FC5E612A936DE10098DF0F /* android_finderUITestsLaunchTests.swift */,
			);
			path = "android-finderUITests";
			sourceTree = "<group>";
		};
		A2FC5E6E2A9374700098DF0F /* Views */ = {
			isa = PBXGroup;
			children = (
				A2FC5E7C2A9377CF0098DF0F /* HomeView */,
				A2FC5E6F2A93747A0098DF0F /* SplashView */,
				A2FC5E782A9377770098DF0F /* AppView.swift */,
			);
			path = Views;
			sourceTree = "<group>";
		};
		A2FC5E6F2A93747A0098DF0F /* SplashView */ = {
			isa = PBXGroup;
			children = (
				A2FC5E742A93765B0098DF0F /* SplashView.swift */,
			);
			path = SplashView;
			sourceTree = "<group>";
		};
		A2FC5E7C2A9377CF0098DF0F /* HomeView */ = {
			isa = PBXGroup;
			children = (
				A2FC5E7D2A9377E70098DF0F /* HomeView.swift */,
			);
			path = HomeView;
			sourceTree = "<group>";
		};
/* End PBXGroup section */

/* Begin PBXNativeTarget section */
		A2FC5E3A2A936DE00098DF0F /* Android Finder */ = {
			isa = PBXNativeTarget;
			buildConfigurationList = A2FC5E652A936DE10098DF0F /* Build configuration list for PBXNativeTarget "Android Finder" */;
			buildPhases = (
				A2FC5E372A936DE00098DF0F /* Sources */,
				A2FC5E382A936DE00098DF0F /* Frameworks */,
				A2FC5E392A936DE00098DF0F /* Resources */,
			);
			buildRules = (
			);
			dependencies = (
			);
			name = "Android Finder";
			productName = "android-finder";
			productReference = A2FC5E3B2A936DE00098DF0F /* Android Finder.app */;
			productType = "com.apple.product-type.application";
		};
		A2FC5E502A936DE10098DF0F /* android-finderTests */ = {
			isa = PBXNativeTarget;
			buildConfigurationList = A2FC5E682A936DE10098DF0F /* Build configuration list for PBXNativeTarget "android-finderTests" */;
			buildPhases = (
				A2FC5E4D2A936DE10098DF0F /* Sources */,
				A2FC5E4E2A936DE10098DF0F /* Frameworks */,
				A2FC5E4F2A936DE10098DF0F /* Resources */,
			);
			buildRules = (
			);
			dependencies = (
				A2FC5E532A936DE10098DF0F /* PBXTargetDependency */,
			);
			name = "android-finderTests";
			productName = "android-finderTests";
			productReference = A2FC5E512A936DE10098DF0F /* android-finderTests.xctest */;
			productType = "com.apple.product-type.bundle.unit-test";
		};
		A2FC5E5A2A936DE10098DF0F /* android-finderUITests */ = {
			isa = PBXNativeTarget;
			buildConfigurationList = A2FC5E6B2A936DE10098DF0F /* Build configuration list for PBXNativeTarget "android-finderUITests" */;
			buildPhases = (
				A2FC5E572A936DE10098DF0F /* Sources */,
				A2FC5E582A936DE10098DF0F /* Frameworks */,
				A2FC5E592A936DE10098DF0F /* Resources */,
			);
			buildRules = (
			);
			dependencies = (
				A2FC5E5D2A936DE10098DF0F /* PBXTargetDependency */,
			);
			name = "android-finderUITests";
			productName = "android-finderUITests";
			productReference = A2FC5E5B2A936DE10098DF0F /* android-finderUITests.xctest */;
			productType = "com.apple.product-type.bundle.ui-testing";
		};
/* End PBXNativeTarget section */

/* Begin PBXProject section */
		A2FC5E332A936DE00098DF0F /* Project object */ = {
			isa = PBXProject;
			attributes = {
				BuildIndependentTargetsInParallel = 1;
				LastSwiftUpdateCheck = 1430;
				LastUpgradeCheck = 1430;
				TargetAttributes = {
					A2FC5E3A2A936DE00098DF0F = {
						CreatedOnToolsVersion = 14.3.1;
					};
					A2FC5E502A936DE10098DF0F = {
						CreatedOnToolsVersion = 14.3.1;
						TestTargetID = A2FC5E3A2A936DE00098DF0F;
					};
					A2FC5E5A2A936DE10098DF0F = {
						CreatedOnToolsVersion = 14.3.1;
						TestTargetID = A2FC5E3A2A936DE00098DF0F;
					};
				};
			};
			buildConfigurationList = A2FC5E362A936DE00098DF0F /* Build configuration list for PBXProject "android-finder" */;
			compatibilityVersion = "Xcode 14.0";
			developmentRegion = en;
			hasScannedForEncodings = 0;
			knownRegions = (
				en,
				Base,
			);
			mainGroup = A2FC5E322A936DE00098DF0F;
			productRefGroup = A2FC5E3C2A936DE00098DF0F /* Products */;
			projectDirPath = "";
			projectRoot = "";
			targets = (
				A2FC5E3A2A936DE00098DF0F /* Android Finder */,
				A2FC5E502A936DE10098DF0F /* android-finderTests */,
				A2FC5E5A2A936DE10098DF0F /* android-finderUITests */,
			);
		};
/* End PBXProject section */

/* Begin PBXResourcesBuildPhase section */
		A2FC5E392A936DE00098DF0F /* Resources */ = {
			isa = PBXResourcesBuildPhase;
			buildActionMask = 2147483647;
			files = (
				A2FC5E462A936DE10098DF0F /* Preview Assets.xcassets in Resources */,
				A2FC5E432A936DE10098DF0F /* Assets.xcassets in Resources */,
			);
			runOnlyForDeploymentPostprocessing = 0;
		};
		A2FC5E4F2A936DE10098DF0F /* Resources */ = {
			isa = PBXResourcesBuildPhase;
			buildActionMask = 2147483647;
			files = (
			);
			runOnlyForDeploymentPostprocessing = 0;
		};
		A2FC5E592A936DE10098DF0F /* Resources */ = {
			isa = PBXResourcesBuildPhase;
			buildActionMask = 2147483647;
			files = (
			);
			runOnlyForDeploymentPostprocessing = 0;
		};
/* End PBXResourcesBuildPhase section */

/* Begin PBXSourcesBuildPhase section */
		A2FC5E372A936DE00098DF0F /* Sources */ = {
			isa = PBXSourcesBuildPhase;
			buildActionMask = 2147483647;
			files = (
				A2FC5E482A936DE10098DF0F /* Persistence.swift in Sources */,
				A2FC5E7E2A9377E70098DF0F /* HomeView.swift in Sources */,
				A2FC5E412A936DE00098DF0F /* ContentView.swift in Sources */,
				A2FC5E792A9377770098DF0F /* AppView.swift in Sources */,
				A2FC5E3F2A936DE00098DF0F /* android_finderApp.swift in Sources */,
				A2FC5E4B2A936DE10098DF0F /* android_finder.xcdatamodeld in Sources */,
				A2FC5E752A93765B0098DF0F /* SplashView.swift in Sources */,
			);
			runOnlyForDeploymentPostprocessing = 0;
		};
		A2FC5E4D2A936DE10098DF0F /* Sources */ = {
			isa = PBXSourcesBuildPhase;
			buildActionMask = 2147483647;
			files = (
				A2FC5E562A936DE10098DF0F /* android_finderTests.swift in Sources */,
				A2FC5E7F2A9377E70098DF0F /* HomeView.swift in Sources */,
				A2FC5E762A93765B0098DF0F /* SplashView.swift in Sources */,
				A2FC5E7A2A9377770098DF0F /* AppView.swift in Sources */,
			);
			runOnlyForDeploymentPostprocessing = 0;
		};
		A2FC5E572A936DE10098DF0F /* Sources */ = {
			isa = PBXSourcesBuildPhase;
			buildActionMask = 2147483647;
			files = (
				A2FC5E7B2A9377770098DF0F /* AppView.swift in Sources */,
				A2FC5E622A936DE10098DF0F /* android_finderUITestsLaunchTests.swift in Sources */,
				A2FC5E772A93765B0098DF0F /* SplashView.swift in Sources */,
				A2FC5E802A9377E70098DF0F /* HomeView.swift in Sources */,
				A2FC5E602A936DE10098DF0F /* android_finderUITests.swift in Sources */,
			);
			runOnlyForDeploymentPostprocessing = 0;
		};
/* End PBXSourcesBuildPhase section */

/* Begin PBXTargetDependency section */
		A2FC5E532A936DE10098DF0F /* PBXTargetDependency */ = {
			isa = PBXTargetDependency;
			target = A2FC5E3A2A936DE00098DF0F /* Android Finder */;
			targetProxy = A2FC5E522A936DE10098DF0F /* PBXContainerItemProxy */;
		};
		A2FC5E5D2A936DE10098DF0F /* PBXTargetDependency */ = {
			isa = PBXTargetDependency;
			target = A2FC5E3A2A936DE00098DF0F /* Android Finder */;
			targetProxy = A2FC5E5C2A936DE10098DF0F /* PBXContainerItemProxy */;
		};
/* End PBXTargetDependency section */

/* Begin XCBuildConfiguration section */
		A2FC5E632A936DE10098DF0F /* Debug */ = {
			isa = XCBuildConfiguration;
			buildSettings = {
				ALWAYS_SEARCH_USER_PATHS = NO;
				CLANG_ANALYZER_NONNULL = YES;
				CLANG_ANALYZER_NUMBER_OBJECT_CONVERSION = YES_AGGRESSIVE;
				CLANG_CXX_LANGUAGE_STANDARD = "gnu++20";
				CLANG_ENABLE_MODULES = YES;
				CLANG_ENABLE_OBJC_ARC = YES;
				CLANG_ENABLE_OBJC_WEAK = YES;
				CLANG_WARN_BLOCK_CAPTURE_AUTORELEASING = YES;
				CLANG_WARN_BOOL_CONVERSION = YES;
				CLANG_WARN_COMMA = YES;
				CLANG_WARN_CONSTANT_CONVERSION = YES;
				CLANG_WARN_DEPRECATED_OBJC_IMPLEMENTATIONS = YES;
				CLANG_WARN_DIRECT_OBJC_ISA_USAGE = YES_ERROR;
				CLANG_WARN_DOCUMENTATION_COMMENTS = YES;
				CLANG_WARN_EMPTY_BODY = YES;
				CLANG_WARN_ENUM_CONVERSION = YES;
				CLANG_WARN_INFINITE_RECURSION = YES;
				CLANG_WARN_INT_CONVERSION = YES;
				CLANG_WARN_NON_LITERAL_NULL_CONVERSION = YES;
				CLANG_WARN_OBJC_IMPLICIT_RETAIN_SELF = YES;
				CLANG_WARN_OBJC_LITERAL_CONVERSION = YES;
				CLANG_WARN_OBJC_ROOT_CLASS = YES_ERROR;
				CLANG_WARN_QUOTED_INCLUDE_IN_FRAMEWORK_HEADER = YES;
				CLANG_WARN_RANGE_LOOP_ANALYSIS = YES;
				CLANG_WARN_STRICT_PROTOTYPES = YES;
				CLANG_WARN_SUSPICIOUS_MOVE = YES;
				CLANG_WARN_UNGUARDED_AVAILABILITY = YES_AGGRESSIVE;
				CLANG_WARN_UNREACHABLE_CODE = YES;
				CLANG_WARN__DUPLICATE_METHOD_MATCH = YES;
				COPY_PHASE_STRIP = NO;
				DEBUG_INFORMATION_FORMAT = dwarf;
				ENABLE_STRICT_OBJC_MSGSEND = YES;
				ENABLE_TESTABILITY = YES;
				GCC_C_LANGUAGE_STANDARD = gnu11;
				GCC_DYNAMIC_NO_PIC = NO;
				GCC_NO_COMMON_BLOCKS = YES;
				GCC_OPTIMIZATION_LEVEL = 0;
				GCC_PREPROCESSOR_DEFINITIONS = (
					"DEBUG=1",
					"$(inherited)",
				);
				GCC_WARN_64_TO_32_BIT_CONVERSION = YES;
				GCC_WARN_ABOUT_RETURN_TYPE = YES_ERROR;
				GCC_WARN_UNDECLARED_SELECTOR = YES;
				GCC_WARN_UNINITIALIZED_AUTOS = YES_AGGRESSIVE;
				GCC_WARN_UNUSED_FUNCTION = YES;
				GCC_WARN_UNUSED_VARIABLE = YES;
				MACOSX_DEPLOYMENT_TARGET = 13.3;
				MTL_ENABLE_DEBUG_INFO = INCLUDE_SOURCE;
				MTL_FAST_MATH = YES;
				ONLY_ACTIVE_ARCH = YES;
				SDKROOT = macosx;
				SWIFT_ACTIVE_COMPILATION_CONDITIONS = DEBUG;
				SWIFT_OPTIMIZATION_LEVEL = "-Onone";
			};
			name = Debug;
		};
		A2FC5E642A936DE10098DF0F /* Release */ = {
			isa = XCBuildConfiguration;
			buildSettings = {
				ALWAYS_SEARCH_USER_PATHS = NO;
				CLANG_ANALYZER_NONNULL = YES;
				CLANG_ANALYZER_NUMBER_OBJECT_CONVERSION = YES_AGGRESSIVE;
				CLANG_CXX_LANGUAGE_STANDARD = "gnu++20";
				CLANG_ENABLE_MODULES = YES;
				CLANG_ENABLE_OBJC_ARC = YES;
				CLANG_ENABLE_OBJC_WEAK = YES;
				CLANG_WARN_BLOCK_CAPTURE_AUTORELEASING = YES;
				CLANG_WARN_BOOL_CONVERSION = YES;
				CLANG_WARN_COMMA = YES;
				CLANG_WARN_CONSTANT_CONVERSION = YES;
				CLANG_WARN_DEPRECATED_OBJC_IMPLEMENTATIONS = YES;
				CLANG_WARN_DIRECT_OBJC_ISA_USAGE = YES_ERROR;
				CLANG_WARN_DOCUMENTATION_COMMENTS = YES;
				CLANG_WARN_EMPTY_BODY = YES;
				CLANG_WARN_ENUM_CONVERSION = YES;
				CLANG_WARN_INFINITE_RECURSION = YES;
				CLANG_WARN_INT_CONVERSION = YES;
				CLANG_WARN_NON_LITERAL_NULL_CONVERSION = YES;
				CLANG_WARN_OBJC_IMPLICIT_RETAIN_SELF = YES;
				CLANG_WARN_OBJC_LITERAL_CONVERSION = YES;
				CLANG_WARN_OBJC_ROOT_CLASS = YES_ERROR;
				CLANG_WARN_QUOTED_INCLUDE_IN_FRAMEWORK_HEADER = YES;
				CLANG_WARN_RANGE_LOOP_ANALYSIS = YES;
				CLANG_WARN_STRICT_PROTOTYPES = YES;
				CLANG_WARN_SUSPICIOUS_MOVE = YES;
				CLANG_WARN_UNGUARDED_AVAILABILITY = YES_AGGRESSIVE;
				CLANG_WARN_UNREACHABLE_CODE = YES;
				CLANG_WARN__DUPLICATE_METHOD_MATCH = YES;
				COPY_PHASE_STRIP = NO;
				DEBUG_INFORMATION_FORMAT = "dwarf-with-dsym";
				ENABLE_NS_ASSERTIONS = NO;
				ENABLE_STRICT_OBJC_MSGSEND = YES;
				GCC_C_LANGUAGE_STANDARD = gnu11;
				GCC_NO_COMMON_BLOCKS = YES;
				GCC_WARN_64_TO_32_BIT_CONVERSION = YES;
				GCC_WARN_ABOUT_RETURN_TYPE = YES_ERROR;
				GCC_WARN_UNDECLARED_SELECTOR = YES;
				GCC_WARN_UNINITIALIZED_AUTOS = YES_AGGRESSIVE;
				GCC_WARN_UNUSED_FUNCTION = YES;
				GCC_WARN_UNUSED_VARIABLE = YES;
				MACOSX_DEPLOYMENT_TARGET = 13.3;
				MTL_ENABLE_DEBUG_INFO = NO;
				MTL_FAST_MATH = YES;
				SDKROOT = macosx;
				SWIFT_COMPILATION_MODE = wholemodule;
				SWIFT_OPTIMIZATION_LEVEL = "-O";
			};
			name = Release;
		};
		A2FC5E662A936DE10098DF0F /* Debug */ = {
			isa = XCBuildConfiguration;
			buildSettings = {
				ASSETCATALOG_COMPILER_APPICON_NAME = AppIcon;
				ASSETCATALOG_COMPILER_GLOBAL_ACCENT_COLOR_NAME = AccentColor;
				ASSETCATALOG_COMPILER_INCLUDE_ALL_APPICON_ASSETS = YES;
				CODE_SIGN_ENTITLEMENTS = "android-finder/android_finder.entitlements";
				CODE_SIGN_STYLE = Automatic;
				COMBINE_HIDPI_IMAGES = YES;
				CURRENT_PROJECT_VERSION = 1;
				DEVELOPMENT_ASSET_PATHS = "\"android-finder/Preview Content\"";
				DEVELOPMENT_TEAM = UGM86HHLZR;
				ENABLE_HARDENED_RUNTIME = YES;
				ENABLE_PREVIEWS = YES;
				GENERATE_INFOPLIST_FILE = YES;
				INFOPLIST_KEY_LSApplicationCategoryType = "public.app-category.utilities";
				INFOPLIST_KEY_NSHumanReadableCopyright = "";
				LD_RUNPATH_SEARCH_PATHS = (
					"$(inherited)",
					"@executable_path/../Frameworks",
				);
				MARKETING_VERSION = 1.0;
				PRODUCT_BUNDLE_IDENTIFIER = "vercetti.com.android-finder";
				PRODUCT_NAME = "$(TARGET_NAME)";
				SWIFT_EMIT_LOC_STRINGS = YES;
				SWIFT_VERSION = 5.0;
			};
			name = Debug;
		};
		A2FC5E672A936DE10098DF0F /* Release */ = {
			isa = XCBuildConfiguration;
			buildSettings = {
				ASSETCATALOG_COMPILER_APPICON_NAME = AppIcon;
				ASSETCATALOG_COMPILER_GLOBAL_ACCENT_COLOR_NAME = AccentColor;
				ASSETCATALOG_COMPILER_INCLUDE_ALL_APPICON_ASSETS = YES;
				CODE_SIGN_ENTITLEMENTS = "android-finder/android_finder.entitlements";
				CODE_SIGN_STYLE = Automatic;
				COMBINE_HIDPI_IMAGES = YES;
				CURRENT_PROJECT_VERSION = 1;
				DEVELOPMENT_ASSET_PATHS = "\"android-finder/Preview Content\"";
				DEVELOPMENT_TEAM = UGM86HHLZR;
				ENABLE_HARDENED_RUNTIME = YES;
				ENABLE_PREVIEWS = YES;
				GENERATE_INFOPLIST_FILE = YES;
				INFOPLIST_KEY_LSApplicationCategoryType = "public.app-category.utilities";
				INFOPLIST_KEY_NSHumanReadableCopyright = "";
				LD_RUNPATH_SEARCH_PATHS = (
					"$(inherited)",
					"@executable_path/../Frameworks",
				);
				MARKETING_VERSION = 1.0;
				PRODUCT_BUNDLE_IDENTIFIER = "vercetti.com.android-finder";
				PRODUCT_NAME = "$(TARGET_NAME)";
				SWIFT_EMIT_LOC_STRINGS = YES;
				SWIFT_VERSION = 5.0;
			};
			name = Release;
		};
		A2FC5E692A936DE10098DF0F /* Debug */ = {
			isa = XCBuildConfiguration;
			buildSettings = {
				ALWAYS_EMBED_SWIFT_STANDARD_LIBRARIES = YES;
				BUNDLE_LOADER = "$(TEST_HOST)";
				CODE_SIGN_STYLE = Automatic;
				CURRENT_PROJECT_VERSION = 1;
				DEVELOPMENT_TEAM = UGM86HHLZR;
				GENERATE_INFOPLIST_FILE = YES;
				MACOSX_DEPLOYMENT_TARGET = 13.3;
				MARKETING_VERSION = 1.0;
				PRODUCT_BUNDLE_IDENTIFIER = "vercetti.com.android-finderTests";
				PRODUCT_NAME = "$(TARGET_NAME)";
				SWIFT_EMIT_LOC_STRINGS = NO;
				SWIFT_VERSION = 5.0;
				TEST_HOST = "$(BUILT_PRODUCTS_DIR)/android-finder.app/$(BUNDLE_EXECUTABLE_FOLDER_PATH)/android-finder";
			};
			name = Debug;
		};
		A2FC5E6A2A936DE10098DF0F /* Release */ = {
			isa = XCBuildConfiguration;
			buildSettings = {
				ALWAYS_EMBED_SWIFT_STANDARD_LIBRARIES = YES;
				BUNDLE_LOADER = "$(TEST_HOST)";
				CODE_SIGN_STYLE = Automatic;
				CURRENT_PROJECT_VERSION = 1;
				DEVELOPMENT_TEAM = UGM86HHLZR;
				GENERATE_INFOPLIST_FILE = YES;
				MACOSX_DEPLOYMENT_TARGET = 13.3;
				MARKETING_VERSION = 1.0;
				PRODUCT_BUNDLE_IDENTIFIER = "vercetti.com.android-finderTests";
				PRODUCT_NAME = "$(TARGET_NAME)";
				SWIFT_EMIT_LOC_STRINGS = NO;
				SWIFT_VERSION = 5.0;
				TEST_HOST = "$(BUILT_PRODUCTS_DIR)/android-finder.app/$(BUNDLE_EXECUTABLE_FOLDER_PATH)/android-finder";
			};
			name = Release;
		};
		A2FC5E6C2A936DE10098DF0F /* Debug */ = {
			isa = XCBuildConfiguration;
			buildSettings = {
				ALWAYS_EMBED_SWIFT_STANDARD_LIBRARIES = YES;
				CODE_SIGN_STYLE = Automatic;
				CURRENT_PROJECT_VERSION = 1;
				DEVELOPMENT_TEAM = UGM86HHLZR;
				GENERATE_INFOPLIST_FILE = YES;
				MARKETING_VERSION = 1.0;
				PRODUCT_BUNDLE_IDENTIFIER = "vercetti.com.android-finderUITests";
				PRODUCT_NAME = "$(TARGET_NAME)";
				SWIFT_EMIT_LOC_STRINGS = NO;
				SWIFT_VERSION = 5.0;
				TEST_TARGET_NAME = "android-finder";
			};
			name = Debug;
		};
		A2FC5E6D2A936DE10098DF0F /* Release */ = {
			isa = XCBuildConfiguration;
			buildSettings = {
				ALWAYS_EMBED_SWIFT_STANDARD_LIBRARIES = YES;
				CODE_SIGN_STYLE = Automatic;
				CURRENT_PROJECT_VERSION = 1;
				DEVELOPMENT_TEAM = UGM86HHLZR;
				GENERATE_INFOPLIST_FILE = YES;
				MARKETING_VERSION = 1.0;
				PRODUCT_BUNDLE_IDENTIFIER = "vercetti.com.android-finderUITests";
				PRODUCT_NAME = "$(TARGET_NAME)";
				SWIFT_EMIT_LOC_STRINGS = NO;
				SWIFT_VERSION = 5.0;
				TEST_TARGET_NAME = "android-finder";
			};
			name = Release;
		};
/* End XCBuildConfiguration section */

/* Begin XCConfigurationList section */
		A2FC5E362A936DE00098DF0F /* Build configuration list for PBXProject "android-finder" */ = {
			isa = XCConfigurationList;
			buildConfigurations = (
				A2FC5E632A936DE10098DF0F /* Debug */,
				A2FC5E642A936DE10098DF0F /* Release */,
			);
			defaultConfigurationIsVisible = 0;
			defaultConfigurationName = Release;
		};
		A2FC5E652A936DE10098DF0F /* Build configuration list for PBXNativeTarget "Android Finder" */ = {
			isa = XCConfigurationList;
			buildConfigurations = (
				A2FC5E662A936DE10098DF0F /* Debug */,
				A2FC5E672A936DE10098DF0F /* Release */,
			);
			defaultConfigurationIsVisible = 0;
			defaultConfigurationName = Release;
		};
		A2FC5E682A936DE10098DF0F /* Build configuration list for PBXNativeTarget "android-finderTests" */ = {
			isa = XCConfigurationList;
			buildConfigurations = (
				A2FC5E692A936DE10098DF0F /* Debug */,
				A2FC5E6A2A936DE10098DF0F /* Release */,
			);
			defaultConfigurationIsVisible = 0;
			defaultConfigurationName = Release;
		};
		A2FC5E6B2A936DE10098DF0F /* Build configuration list for PBXNativeTarget "android-finderUITests" */ = {
			isa = XCConfigurationList;
			buildConfigurations = (
				A2FC5E6C2A936DE10098DF0F /* Debug */,
				A2FC5E6D2A936DE10098DF0F /* Release */,
			);
			defaultConfigurationIsVisible = 0;
			defaultConfigurationName = Release;
		};
/* End XCConfigurationList section */

/* Begin XCVersionGroup section */
		A2FC5E492A936DE10098DF0F /* android_finder.xcdatamodeld */ = {
			isa = XCVersionGroup;
			children = (
				A2FC5E4A2A936DE10098DF0F /* android_finder.xcdatamodel */,
			);
			currentVersion = A2FC5E4A2A936DE10098DF0F /* android_finder.xcdatamodel */;
			path = android_finder.xcdatamodeld;
			sourceTree = "<group>";
			versionGroupType = wrapper.xcdatamodel;
		};
/* End XCVersionGroup section */
	};
	rootObject = A2FC5E332A936DE00098DF0F /* Project object */;
}
